// !$*UTF8*$!
{
	archiveVersion = 1;
	classes = {
	};
	objectVersion = 46;
	objects = {

/* Begin PBXBuildFile section */
		C982E2201E9D935E0039B4E1 /* AppDelegate.swift in Sources */ = {isa = PBXBuildFile; fileRef = C982E21F1E9D935E0039B4E1 /* AppDelegate.swift */; };
		C982E2221E9D935E0039B4E1 /* ViewController.swift in Sources */ = {isa = PBXBuildFile; fileRef = C982E2211E9D935E0039B4E1 /* ViewController.swift */; };
		C982E2251E9D935E0039B4E1 /* Main.storyboard in Resources */ = {isa = PBXBuildFile; fileRef = C982E2231E9D935E0039B4E1 /* Main.storyboard */; };
		C982E2271E9D935E0039B4E1 /* Assets.xcassets in Resources */ = {isa = PBXBuildFile; fileRef = C982E2261E9D935E0039B4E1 /* Assets.xcassets */; };
		C982E22A1E9D935E0039B4E1 /* LaunchScreen.storyboard in Resources */ = {isa = PBXBuildFile; fileRef = C982E2281E9D935E0039B4E1 /* LaunchScreen.storyboard */; };
		C982E2341EA185FE0039B4E1 /* Mario-coin-sound.mp3 in Resources */ = {isa = PBXBuildFile; fileRef = C982E2331EA185FE0039B4E1 /* Mario-coin-sound.mp3 */; };
		C982E2361EA189FD0039B4E1 /* AIRHORN.mp3 in Resources */ = {isa = PBXBuildFile; fileRef = C982E2351EA189FD0039B4E1 /* AIRHORN.mp3 */; };
		C982E23B1EA18E890039B4E1 /* hey_listen.mp3 in Resources */ = {isa = PBXBuildFile; fileRef = C982E2391EA18E890039B4E1 /* hey_listen.mp3 */; };
		C982E23C1EA18E890039B4E1 /* inceptionhorn.mp3 in Resources */ = {isa = PBXBuildFile; fileRef = C982E23A1EA18E890039B4E1 /* inceptionhorn.mp3 */; };
		C982E23F1EA1912D0039B4E1 /* Barrel Roll.mp3 in Resources */ = {isa = PBXBuildFile; fileRef = C982E23E1EA1912D0039B4E1 /* Barrel Roll.mp3 */; };
		C982E2411EA1937B0039B4E1 /* error.mp3 in Resources */ = {isa = PBXBuildFile; fileRef = C982E2401EA1937B0039B4E1 /* error.mp3 */; };
/* End PBXBuildFile section */

/* Begin PBXFileReference section */
		C982E21C1E9D935E0039B4E1 /* AVMusicPlayerDemo.app */ = {isa = PBXFileReference; explicitFileType = wrapper.application; includeInIndex = 0; path = AVMusicPlayerDemo.app; sourceTree = BUILT_PRODUCTS_DIR; };
		C982E21F1E9D935E0039B4E1 /* AppDelegate.swift */ = {isa = PBXFileReference; lastKnownFileType = sourcecode.swift; path = AppDelegate.swift; sourceTree = "<group>"; };
		C982E2211E9D935E0039B4E1 /* ViewController.swift */ = {isa = PBXFileReference; lastKnownFileType = sourcecode.swift; path = ViewController.swift; sourceTree = "<group>"; };
		C982E2241E9D935E0039B4E1 /* Base */ = {isa = PBXFileReference; lastKnownFileType = file.storyboard; name = Base; path = Base.lproj/Main.storyboard; sourceTree = "<group>"; };
		C982E2261E9D935E0039B4E1 /* Assets.xcassets */ = {isa = PBXFileReference; lastKnownFileType = folder.assetcatalog; path = Assets.xcassets; sourceTree = "<group>"; };
		C982E2291E9D935E0039B4E1 /* Base */ = {isa = PBXFileReference; lastKnownFileType = file.storyboard; name = Base; path = Base.lproj/LaunchScreen.storyboard; sourceTree = "<group>"; };
		C982E22B1E9D935E0039B4E1 /* Info.plist */ = {isa = PBXFileReference; lastKnownFileType = text.plist.xml; path = Info.plist; sourceTree = "<group>"; };
		C982E2331EA185FE0039B4E1 /* Mario-coin-sound.mp3 */ = {isa = PBXFileReference; lastKnownFileType = audio.mp3; path = "Mario-coin-sound.mp3"; sourceTree = "<group>"; };
		C982E2351EA189FD0039B4E1 /* AIRHORN.mp3 */ = {isa = PBXFileReference; lastKnownFileType = audio.mp3; path = AIRHORN.mp3; sourceTree = "<group>"; };
		C982E2391EA18E890039B4E1 /* hey_listen.mp3 */ = {isa = PBXFileReference; lastKnownFileType = audio.mp3; path = hey_listen.mp3; sourceTree = "<group>"; };
		C982E23A1EA18E890039B4E1 /* inceptionhorn.mp3 */ = {isa = PBXFileReference; lastKnownFileType = audio.mp3; path = inceptionhorn.mp3; sourceTree = "<group>"; };
		C982E23E1EA1912D0039B4E1 /* Barrel Roll.mp3 */ = {isa = PBXFileReference; lastKnownFileType = audio.mp3; path = "Barrel Roll.mp3"; sourceTree = "<group>"; };
		C982E2401EA1937B0039B4E1 /* error.mp3 */ = {isa = PBXFileReference; lastKnownFileType = audio.mp3; path = error.mp3; sourceTree = "<group>"; };
/* End PBXFileReference section */

/* Begin PBXFrameworksBuildPhase section */
		C982E2191E9D935E0039B4E1 /* Frameworks */ = {
			isa = PBXFrameworksBuildPhase;
			buildActionMask = 2147483647;
			files = (
			);
			runOnlyForDeploymentPostprocessing = 0;
		};
/* End PBXFrameworksBuildPhase section */

/* Begin PBXGroup section */
		C982E2131E9D935E0039B4E1 = {
			isa = PBXGroup;
			children = (
				C982E21E1E9D935E0039B4E1 /* AVMusicPlayerDemo */,
				C982E21D1E9D935E0039B4E1 /* Products */,
			);
			sourceTree = "<group>";
		};
		C982E21D1E9D935E0039B4E1 /* Products */ = {
			isa = PBXGroup;
			children = (
				C982E21C1E9D935E0039B4E1 /* AVMusicPlayerDemo.app */,
			);
			name = Products;
			sourceTree = "<group>";
		};
		C982E21E1E9D935E0039B4E1 /* AVMusicPlayerDemo */ = {
			isa = PBXGroup;
			children = (
				C982E23D1EA18FEB0039B4E1 /* Sounds */,
				C982E21F1E9D935E0039B4E1 /* AppDelegate.swift */,
				C982E2211E9D935E0039B4E1 /* ViewController.swift */,
				C982E2231E9D935E0039B4E1 /* Main.storyboard */,
				C982E2261E9D935E0039B4E1 /* Assets.xcassets */,
				C982E2281E9D935E0039B4E1 /* LaunchScreen.storyboard */,
				C982E22B1E9D935E0039B4E1 /* Info.plist */,
			);
			path = AVMusicPlayerDemo;
			sourceTree = "<group>";
		};
		C982E23D1EA18FEB0039B4E1 /* Sounds */ = {
			isa = PBXGroup;
			children = (
				C982E2401EA1937B0039B4E1 /* error.mp3 */,
				C982E23E1EA1912D0039B4E1 /* Barrel Roll.mp3 */,
				C982E2331EA185FE0039B4E1 /* Mario-coin-sound.mp3 */,
				C982E2351EA189FD0039B4E1 /* AIRHORN.mp3 */,
				C982E2391EA18E890039B4E1 /* hey_listen.mp3 */,
				C982E23A1EA18E890039B4E1 /* inceptionhorn.mp3 */,
			);
			path = Sounds;
			sourceTree = "<group>";
		};
/* End PBXGroup section */

/* Begin PBXNativeTarget section */
		C982E21B1E9D935E0039B4E1 /* AVMusicPlayerDemo */ = {
			isa = PBXNativeTarget;
			buildConfigurationList = C982E22E1E9D935E0039B4E1 /* Build configuration list for PBXNativeTarget "AVMusicPlayerDemo" */;
			buildPhases = (
				C982E2181E9D935E0039B4E1 /* Sources */,
				C982E2191E9D935E0039B4E1 /* Frameworks */,
				C982E21A1E9D935E0039B4E1 /* Resources */,
			);
			buildRules = (
			);
			dependencies = (
			);
			name = AVMusicPlayerDemo;
			productName = AVMusicPlayerDemo;
			productReference = C982E21C1E9D935E0039B4E1 /* AVMusicPlayerDemo.app */;
			productType = "com.apple.product-type.application";
		};
/* End PBXNativeTarget section */

/* Begin PBXProject section */
		C982E2141E9D935E0039B4E1 /* Project object */ = {
			isa = PBXProject;
			attributes = {
				LastSwiftUpdateCheck = 0830;
				LastUpgradeCheck = 0830;
				ORGANIZATIONNAME = MattRuston;
				TargetAttributes = {
					C982E21B1E9D935E0039B4E1 = {
						CreatedOnToolsVersion = 8.3;
						DevelopmentTeam = RB2R7U7P8Z;
						ProvisioningStyle = Automatic;
					};
				};
			};
			buildConfigurationList = C982E2171E9D935E0039B4E1 /* Build configuration list for PBXProject "AVMusicPlayerDemo" */;
			compatibilityVersion = "Xcode 3.2";
			developmentRegion = English;
			hasScannedForEncodings = 0;
			knownRegions = (
				en,
				Base,
			);
			mainGroup = C982E2131E9D935E0039B4E1;
			productRefGroup = C982E21D1E9D935E0039B4E1 /* Products */;
			projectDirPath = "";
			projectRoot = "";
			targets = (
				C982E21B1E9D935E0039B4E1 /* AVMusicPlayerDemo */,
			);
		};
/* End PBXProject section */

/* Begin PBXResourcesBuildPhase section */
		C982E21A1E9D935E0039B4E1 /* Resources */ = {
			isa = PBXResourcesBuildPhase;
			buildActionMask = 2147483647;
			files = (
				C982E22A1E9D935E0039B4E1 /* LaunchScreen.storyboard in Resources */,
				C982E2271E9D935E0039B4E1 /* Assets.xcassets in Resources */,
				C982E23B1EA18E890039B4E1 /* hey_listen.mp3 in Resources */,
				C982E2361EA189FD0039B4E1 /* AIRHORN.mp3 in Resources */,
				C982E2341EA185FE0039B4E1 /* Mario-coin-sound.mp3 in Resources */,
				C982E2411EA1937B0039B4E1 /* error.mp3 in Resources */,
				C982E23C1EA18E890039B4E1 /* inceptionhorn.mp3 in Resources */,
				C982E23F1EA1912D0039B4E1 /* Barrel Roll.mp3 in Resources */,
				C982E2251E9D935E0039B4E1 /* Main.storyboard in Resources */,
			);
			runOnlyForDeploymentPostprocessing = 0;
		};
/* End PBXResourcesBuildPhase section */

/* Begin PBXSourcesBuildPhase section */
		C982E2181E9D935E0039B4E1 /* Sources */ = {
			isa = PBXSourcesBuildPhase;
			buildActionMask = 2147483647;
			files = (
				C982E2221E9D935E0039B4E1 /* ViewController.swift in Sources */,
				C982E2201E9D935E0039B4E1 /* AppDelegate.swift in Sources */,
			);
			runOnlyForDeploymentPostprocessing = 0;
		};
/* End PBXSourcesBuildPhase section */

/* Begin PBXVariantGroup section */
		C982E2231E9D935E0039B4E1 /* Main.storyboard */ = {
			isa = PBXVariantGroup;
			children = (
				C982E2241E9D935E0039B4E1 /* Base */,
			);
			name = Main.storyboard;
			sourceTree = "<group>";
		};
		C982E2281E9D935E0039B4E1 /* LaunchScreen.storyboard */ = {
			isa = PBXVariantGroup;
			children = (
				C982E2291E9D935E0039B4E1 /* Base */,
			);
			name = LaunchScreen.storyboard;
			sourceTree = "<group>";
		};
/* End PBXVariantGroup section */

/* Begin XCBuildConfiguration section */
		C982E22C1E9D935E0039B4E1 /* Debug */ = {
			isa = XCBuildConfiguration;
			buildSettings = {
				ALWAYS_SEARCH_USER_PATHS = NO;
				CLANG_ANALYZER_NONNULL = YES;
				CLANG_ANALYZER_NUMBER_OBJECT_CONVERSION = YES_AGGRESSIVE;
				CLANG_CXX_LANGUAGE_STANDARD = "gnu++0x";
				CLANG_CXX_LIBRARY = "libc++";
				CLANG_ENABLE_MODULES = YES;
				CLANG_ENABLE_OBJC_ARC = YES;
				CLANG_WARN_BOOL_CONVERSION = YES;
				CLANG_WARN_CONSTANT_CONVERSION = YES;
				CLANG_WARN_DIRECT_OBJC_ISA_USAGE = YES_ERROR;
				CLANG_WARN_DOCUMENTATION_COMMENTS = YES;
				CLANG_WARN_EMPTY_BODY = YES;
				CLANG_WARN_ENUM_CONVERSION = YES;
				CLANG_WARN_INFINITE_RECURSION = YES;
				CLANG_WARN_INT_CONVERSION = YES;
				CLANG_WARN_OBJC_ROOT_CLASS = YES_ERROR;
				CLANG_WARN_SUSPICIOUS_MOVE = YES;
				CLANG_WARN_UNREACHABLE_CODE = YES;
				CLANG_WARN__DUPLICATE_METHOD_MATCH = YES;
				"CODE_SIGN_IDENTITY[sdk=iphoneos*]" = "iPhone Developer";
				COPY_PHASE_STRIP = NO;
				DEBUG_INFORMATION_FORMAT = dwarf;
				ENABLE_STRICT_OBJC_MSGSEND = YES;
				ENABLE_TESTABILITY = YES;
				GCC_C_LANGUAGE_STANDARD = gnu99;
				GCC_DYNAMIC_NO_PIC = NO;
				GCC_NO_COMMON_BLOCKS = YES;
				GCC_OPTIMIZATION_LEVEL = 0;
				GCC_PREPROCESSOR_DEFINITIONS = (
					"DEBUG=1",
					"$(inherited)",
				);
				GCC_WARN_64_TO_32_BIT_CONVERSION = YES;
				GCC_WARN_ABOUT_RETURN_TYPE = YES_ERROR;
				GCC_WARN_UNDECLARED_SELECTOR = YES;
				GCC_WARN_UNINITIALIZED_AUTOS = YES_AGGRESSIVE;
				GCC_WARN_UNUSED_FUNCTION = YES;
				GCC_WARN_UNUSED_VARIABLE = YES;
				IPHONEOS_DEPLOYMENT_TARGET = 10.3;
				MTL_ENABLE_DEBUG_INFO = YES;
				ONLY_ACTIVE_ARCH = YES;
				SDKROOT = iphoneos;
				SWIFT_ACTIVE_COMPILATION_CONDITIONS = DEBUG;
				SWIFT_OPTIMIZATION_LEVEL = "-Onone";
			};
			name = Debug;
		};
		C982E22D1E9D935E0039B4E1 /* Release */ = {
			isa = XCBuildConfiguration;
			buildSettings = {
				ALWAYS_SEARCH_USER_PATHS = NO;
				CLANG_ANALYZER_NONNULL = YES;
				CLANG_ANALYZER_NUMBER_OBJECT_CONVERSION = YES_AGGRESSIVE;
				CLANG_CXX_LANGUAGE_STANDARD = "gnu++0x";
				CLANG_CXX_LIBRARY = "libc++";
				CLANG_ENABLE_MODULES = YES;
				CLANG_ENABLE_OBJC_ARC = YES;
				CLANG_WARN_BOOL_CONVERSION = YES;
				CLANG_WARN_CONSTANT_CONVERSION = YES;
				CLANG_WARN_DIRECT_OBJC_ISA_USAGE = YES_ERROR;
				CLANG_WARN_DOCUMENTATION_COMMENTS = YES;
				CLANG_WARN_EMPTY_BODY = YES;
				CLANG_WARN_ENUM_CONVERSION = YES;
				CLANG_WARN_INFINITE_RECURSION = YES;
				CLANG_WARN_INT_CONVERSION = YES;
				CLANG_WARN_OBJC_ROOT_CLASS = YES_ERROR;
				CLANG_WARN_SUSPICIOUS_MOVE = YES;
				CLANG_WARN_UNREACHABLE_CODE = YES;
				CLANG_WARN__DUPLICATE_METHOD_MATCH = YES;
				"CODE_SIGN_IDENTITY[sdk=iphoneos*]" = "iPhone Developer";
				COPY_PHASE_STRIP = NO;
				DEBUG_INFORMATION_FORMAT = "dwarf-with-dsym";
				ENABLE_NS_ASSERTIONS = NO;
				ENABLE_STRICT_OBJC_MSGSEND = YES;
				GCC_C_LANGUAGE_STANDARD = gnu99;
				GCC_NO_COMMON_BLOCKS = YES;
				GCC_WARN_64_TO_32_BIT_CONVERSION = YES;
				GCC_WARN_ABOUT_RETURN_TYPE = YES_ERROR;
				GCC_WARN_UNDECLARED_SELECTOR = YES;
				GCC_WARN_UNINITIALIZED_AUTOS = YES_AGGRESSIVE;
				GCC_WARN_UNUSED_FUNCTION = YES;
				GCC_WARN_UNUSED_VARIABLE = YES;
				IPHONEOS_DEPLOYMENT_TARGET = 10.3;
				MTL_ENABLE_DEBUG_INFO = NO;
				SDKROOT = iphoneos;
				SWIFT_OPTIMIZATION_LEVEL = "-Owholemodule";
				VALIDATE_PRODUCT = YES;
			};
			name = Release;
		};
		C982E22F1E9D935E0039B4E1 /* Debug */ = {
			isa = XCBuildConfiguration;
			buildSettings = {
				ASSETCATALOG_COMPILER_APPICON_NAME = AppIcon;
				DEVELOPMENT_TEAM = RB2R7U7P8Z;
				INFOPLIST_FILE = AVMusicPlayerDemo/Info.plist;
				LD_RUNPATH_SEARCH_PATHS = "$(inherited) @executable_path/Frameworks";
				PRODUCT_BUNDLE_IDENTIFIER = MR.AVMusicPlayerDemo;
				PRODUCT_NAME = "$(TARGET_NAME)";
				SWIFT_VERSION = 3.0;
			};
			name = Debug;
		};
		C982E2301E9D935E0039B4E1 /* Release */ = {
			isa = XCBuildConfiguration;
			buildSettings = {
				ASSETCATALOG_COMPILER_APPICON_NAME = AppIcon;
				DEVELOPMENT_TEAM = RB2R7U7P8Z;
				INFOPLIST_FILE = AVMusicPlayerDemo/Info.plist;
				LD_RUNPATH_SEARCH_PATHS = "$(inherited) @executable_path/Frameworks";
				PRODUCT_BUNDLE_IDENTIFIER = MR.AVMusicPlayerDemo;
				PRODUCT_NAME = "$(TARGET_NAME)";
				SWIFT_VERSION = 3.0;
			};
			name = Release;
		};
/* End XCBuildConfiguration section */

/* Begin XCConfigurationList section */
		C982E2171E9D935E0039B4E1 /* Build configuration list for PBXProject "AVMusicPlayerDemo" */ = {
			isa = XCConfigurationList;
			buildConfigurations = (
				C982E22C1E9D935E0039B4E1 /* Debug */,
				C982E22D1E9D935E0039B4E1 /* Release */,
			);
			defaultConfigurationIsVisible = 0;
			defaultConfigurationName = Release;
		};
		C982E22E1E9D935E0039B4E1 /* Build configuration list for PBXNativeTarget "AVMusicPlayerDemo" */ = {
			isa = XCConfigurationList;
			buildConfigurations = (
				C982E22F1E9D935E0039B4E1 /* Debug */,
				C982E2301E9D935E0039B4E1 /* Release */,
			);
			defaultConfigurationIsVisible = 0;
			defaultConfigurationName = Release;
		};
/* End XCConfigurationList section */
	};
	rootObject = C982E2141E9D935E0039B4E1 /* Project object */;
}
